
Microsoft Visual Studio Solution File, Format Version 12.00
# Visual Studio Version 16
VisualStudioVersion = 16.0.30621.155
MinimumVisualStudioVersion = 10.0.40219.1
Project("{FAE04EC0-301F-11D3-BF4B-00C04F79EFBC}") = "Graph2", "Graph2\Graph2.csproj", "{4E2AAB8F-0C9D-485E-B4C6-1CB9FFE8447A}"
EndProject
Global
	GlobalSection(SolutionConfigurationPlatforms) = preSolution
		Debug|Any CPU = Debug|Any CPU
		Release|Any CPU = Release|Any CPU
	EndGlobalSection
	GlobalSection(ProjectConfigurationPlatforms) = postSolution
		{4E2AAB8F-0C9D-485E-B4C6-1CB9FFE8447A}.Debug|Any CPU.ActiveCfg = Debug|Any CPU
		{4E2AAB8F-0C9D-485E-B4C6-1CB9FFE8447A}.Debug|Any CPU.Build.0 = Debug|Any CPU
		{4E2AAB8F-0C9D-485E-B4C6-1CB9FFE8447A}.Release|Any CPU.ActiveCfg = Release|Any CPU
		{4E2AAB8F-0C9D-485E-B4C6-1CB9FFE8447A}.Release|Any CPU.Build.0 = Release|Any CPU
	EndGlobalSection
	GlobalSection(SolutionProperties) = preSolution
		HideSolutionNode = FALSE
	EndGlobalSection
	GlobalSection(ExtensibilityGlobals) = postSolution
		SolutionGuid = {A48CFE7B-AECF-41FC-9BB3-1401176F4CC3}
	EndGlobalSection
EndGlobal
